
Microsoft Visual Studio Solution File, Format Version 9.00
# Visual Studio 2005
Project("{8BC9CEB8-8B4A-11D0-8D11-00A0C91BC942}") = "d2pwatch", "d2pwatch\d2pwatch.vcproj", "{60C16E55-2CAE-42AD-B51D-94EA1729A3EC}"
EndProject
Global
	GlobalSection(SolutionConfigurationPlatforms) = preSolution
		Debug|Win32 = Debug|Win32
		Release|Win32 = Release|Win32
	EndGlobalSection
	GlobalSection(ProjectConfigurationPlatforms) = postSolution
		{60C16E55-2CAE-42AD-B51D-94EA1729A3EC}.Debug|Win32.ActiveCfg = Debug|Win32
		{60C16E55-2CAE-42AD-B51D-94EA1729A3EC}.Debug|Win32.Build.0 = Debug|Win32
		{60C16E55-2CAE-42AD-B51D-94EA1729A3EC}.Release|Win32.ActiveCfg = Release|Win32
		{60C16E55-2CAE-42AD-B51D-94EA1729A3EC}.Release|Win32.Build.0 = Release|Win32
	EndGlobalSection
	GlobalSection(SolutionProperties) = preSolution
		HideSolutionNode = FALSE
	EndGlobalSection
EndGlobal
